
Microsoft Visual Studio Solution File, Format Version 12.00
# Visual Studio 15
VisualStudioVersion = 15.0.28307.960
MinimumVisualStudioVersion = 10.0.40219.1
Project("{FAE04EC0-301F-11D3-BF4B-00C04F79EFBC}") = "Leaveappreact", "Leaveappreact\Leaveappreact.csproj", "{3C51EBA0-B78E-44EA-BEC5-3D8F6E39032A}"
EndProject
Global
	GlobalSection(SolutionConfigurationPlatforms) = preSolution
		Debug|Any CPU = Debug|Any CPU
		Release|Any CPU = Release|Any CPU
	EndGlobalSection
	GlobalSection(ProjectConfigurationPlatforms) = postSolution
		{3C51EBA0-B78E-44EA-BEC5-3D8F6E39032A}.Debug|Any CPU.ActiveCfg = Debug|Any CPU
		{3C51EBA0-B78E-44EA-BEC5-3D8F6E39032A}.Debug|Any CPU.Build.0 = Debug|Any CPU
		{3C51EBA0-B78E-44EA-BEC5-3D8F6E39032A}.Release|Any CPU.ActiveCfg = Release|Any CPU
		{3C51EBA0-B78E-44EA-BEC5-3D8F6E39032A}.Release|Any CPU.Build.0 = Release|Any CPU
	EndGlobalSection
	GlobalSection(SolutionProperties) = preSolution
		HideSolutionNode = FALSE
	EndGlobalSection
	GlobalSection(ExtensibilityGlobals) = postSolution
		SolutionGuid = {AFC42821-3553-415E-A7CE-02C28866FB46}
	EndGlobalSection
EndGlobal
